{
  "name": "sam-typescript-functions-layers",
  "version": "1.0.0",
  "lockfileVersion": 2,
  "requires": true,
  "packages": {
    "": {
      "name": "sam-typescript-functions-layers",
      "version": "1.0.0",
      "license": "ISC",
      "devDependencies": {
        "@aws-sdk/types": "3.329.0",
        "@types/aws-lambda": "8.10.115",
        "@types/node": "16.18.23",
        "commons": "file:./layers/commons",
        "prettier": "2.8.8",
        "typescript": "5.0.4"
      }
    },
    "layers/commons": {
      "name": "layer-commons",
      "version": "1.0.0",
      "dev": true,
      "license": "ISC",
      "dependencies": {
        "@types/node": "16.18.23",
        "typescript": "5.0.4"
      }
    },
    "node_modules/@aws-sdk/types": {
      "version": "3.329.0",
      "resolved": "https://registry.npmjs.org/@aws-sdk/types/-/types-3.329.0.tgz",
      "integrity": "sha512-wFBW4yciDfzQBSFmWNaEvHShnSGLMxSu9Lls6EUf6xDMavxSB36bsrVRX6CyAo/W0NeIIyEOW1LclGPgJV1okg==",
      "dev": true,
      "dependencies": {
        "tslib": "^2.5.0"
      },
      "engines": {
        "node": ">=14.0.0"
      }
    },
    "node_modules/@types/aws-lambda": {
      "version": "8.10.115",
      "resolved": "https://registry.npmjs.org/@types/aws-lambda/-/aws-lambda-8.10.115.tgz",
      "integrity": "sha512-kCZuFXKLV3y8NjSoaD5+qKTpRWvPz3uh3W/u1uwlw3Mg+MtaStg1NWgjAwUXo/VJDb6n6KF1ljykFNlNwEJ53Q==",
      "dev": true
    },
    "node_modules/@types/node": {
      "version": "16.18.23",
      "resolved": "https://registry.npmjs.org/@types/node/-/node-16.18.23.tgz",
      "integrity": "sha512-XAMpaw1s1+6zM+jn2tmw8MyaRDIJfXxqmIQIS0HfoGYPuf7dUWeiUKopwq13KFX9lEp1+THGtlaaYx39Nxr58g==",
      "dev": true
    },
    "node_modules/commons": {
      "resolved": "layers/commons",
      "link": true
    },
    "node_modules/prettier": {
      "version": "2.8.8",
      "resolved": "https://registry.npmjs.org/prettier/-/prettier-2.8.8.tgz",
      "integrity": "sha512-tdN8qQGvNjw4CHbY+XXk0JgCXn9QiF21a55rBe5LJAU+kDyC4WQn4+awm2Xfk2lQMk5fKup9XgzTZtGkjBdP9Q==",
      "dev": true,
      "bin": {
        "prettier": "bin-prettier.js"
      },
      "engines": {
        "node": ">=10.13.0"
      },
      "funding": {
        "url": "https://github.com/prettier/prettier?sponsor=1"
      }
    },
    "node_modules/tslib": {
      "version": "2.5.2",
      "resolved": "https://registry.npmjs.org/tslib/-/tslib-2.5.2.tgz",
      "integrity": "sha512-5svOrSA2w3iGFDs1HibEVBGbDrAY82bFQ3HZ3ixB+88nsbsWQoKqDRb5UBYAUPEzbBn6dAp5gRNXglySbx1MlA==",
      "dev": true
    },
    "node_modules/typescript": {
      "version": "5.0.4",
      "resolved": "https://registry.npmjs.org/typescript/-/typescript-5.0.4.tgz",
      "integrity": "sha512-cW9T5W9xY37cc+jfEnaUvX91foxtHkza3Nw3wkoF4sSlKn0MONdkdEndig/qPBWXNkmplh3NzayQzCiHM4/hqw==",
      "dev": true,
      "bin": {
        "tsc": "bin/tsc",
        "tsserver": "bin/tsserver"
      },
      "engines": {
        "node": ">=12.20"
      }
    }
  },
  "dependencies": {
    "@aws-sdk/types": {
      "version": "3.329.0",
      "resolved": "https://registry.npmjs.org/@aws-sdk/types/-/types-3.329.0.tgz",
      "integrity": "sha512-wFBW4yciDfzQBSFmWNaEvHShnSGLMxSu9Lls6EUf6xDMavxSB36bsrVRX6CyAo/W0NeIIyEOW1LclGPgJV1okg==",
      "dev": true,
      "requires": {
        "tslib": "^2.5.0"
      }
    },
    "@types/aws-lambda": {
      "version": "8.10.115",
      "resolved": "https://registry.npmjs.org/@types/aws-lambda/-/aws-lambda-8.10.115.tgz",
      "integrity": "sha512-kCZuFXKLV3y8NjSoaD5+qKTpRWvPz3uh3W/u1uwlw3Mg+MtaStg1NWgjAwUXo/VJDb6n6KF1ljykFNlNwEJ53Q==",
      "dev": true
    },
    "@types/node": {
      "version": "16.18.23",
      "resolved": "https://registry.npmjs.org/@types/node/-/node-16.18.23.tgz",
      "integrity": "sha512-XAMpaw1s1+6zM+jn2tmw8MyaRDIJfXxqmIQIS0HfoGYPuf7dUWeiUKopwq13KFX9lEp1+THGtlaaYx39Nxr58g==",
      "dev": true
    },
    "commons": {
      "version": "file:layers/commons",
      "requires": {
        "@types/node": "16.18.23",
        "typescript": "5.0.4"
      }
    },
    "prettier": {
      "version": "2.8.8",
      "resolved": "https://registry.npmjs.org/prettier/-/prettier-2.8.8.tgz",
      "integrity": "sha512-tdN8qQGvNjw4CHbY+XXk0JgCXn9QiF21a55rBe5LJAU+kDyC4WQn4+awm2Xfk2lQMk5fKup9XgzTZtGkjBdP9Q==",
      "dev": true
    },
    "tslib": {
      "version": "2.5.2",
      "resolved": "https://registry.npmjs.org/tslib/-/tslib-2.5.2.tgz",
      "integrity": "sha512-5svOrSA2w3iGFDs1HibEVBGbDrAY82bFQ3HZ3ixB+88nsbsWQoKqDRb5UBYAUPEzbBn6dAp5gRNXglySbx1MlA==",
      "dev": true
    },
    "typescript": {
      "version": "5.0.4",
      "resolved": "https://registry.npmjs.org/typescript/-/typescript-5.0.4.tgz",
      "integrity": "sha512-cW9T5W9xY37cc+jfEnaUvX91foxtHkza3Nw3wkoF4sSlKn0MONdkdEndig/qPBWXNkmplh3NzayQzCiHM4/hqw==",
      "dev": true
    }
  }
}
